
Microsoft Visual Studio Solution File, Format Version 12.00
# Visual Studio Version 17
VisualStudioVersion = 17.11.35431.28
MinimumVisualStudioVersion = 10.0.40219.1
Project("{FAE04EC0-301F-11D3-BF4B-00C04F79EFBC}") = "SRLmodsRecognizer", "SRLmodsRecognizer.csproj", "{10129D18-154A-4668-805F-9CE4C7673A10}"
EndProject
Global
	GlobalSection(SolutionConfigurationPlatforms) = preSolution
		Debug|Any CPU = Debug|Any CPU
		Release|Any CPU = Release|Any CPU
	EndGlobalSection
	GlobalSection(ProjectConfigurationPlatforms) = postSolution
		{10129D18-154A-4668-805F-9CE4C7673A10}.Debug|Any CPU.ActiveCfg = Debug|Any CPU
		{10129D18-154A-4668-805F-9CE4C7673A10}.Debug|Any CPU.Build.0 = Debug|Any CPU
		{10129D18-154A-4668-805F-9CE4C7673A10}.Release|Any CPU.ActiveCfg = Release|Any CPU
		{10129D18-154A-4668-805F-9CE4C7673A10}.Release|Any CPU.Build.0 = Release|Any CPU
	EndGlobalSection
	GlobalSection(SolutionProperties) = preSolution
		HideSolutionNode = FALSE
	EndGlobalSection
	GlobalSection(ExtensibilityGlobals) = postSolution
		SolutionGuid = {DA9E09C7-BA2E-4ACC-9748-7154CF9602F3}
	EndGlobalSection
EndGlobal
